
Microsoft Visual Studio Solution File, Format Version 12.00
# Visual Studio Version 17
VisualStudioVersion = 17.4.33110.190
MinimumVisualStudioVersion = 10.0.40219.1
Project("{FAE04EC0-301F-11D3-BF4B-00C04F79EFBC}") = "project7", "project7\project7.csproj", "{892949AA-B105-4C9D-8341-99D53EC12602}"
EndProject
Global
	GlobalSection(SolutionConfigurationPlatforms) = preSolution
		Debug|Any CPU = Debug|Any CPU
		Release|Any CPU = Release|Any CPU
	EndGlobalSection
	GlobalSection(ProjectConfigurationPlatforms) = postSolution
		{892949AA-B105-4C9D-8341-99D53EC12602}.Debug|Any CPU.ActiveCfg = Debug|Any CPU
		{892949AA-B105-4C9D-8341-99D53EC12602}.Debug|Any CPU.Build.0 = Debug|Any CPU
		{892949AA-B105-4C9D-8341-99D53EC12602}.Release|Any CPU.ActiveCfg = Release|Any CPU
		{892949AA-B105-4C9D-8341-99D53EC12602}.Release|Any CPU.Build.0 = Release|Any CPU
	EndGlobalSection
	GlobalSection(SolutionProperties) = preSolution
		HideSolutionNode = FALSE
	EndGlobalSection
	GlobalSection(ExtensibilityGlobals) = postSolution
		SolutionGuid = {7A9185A9-0427-4A2E-AF00-A0CA0076DB4C}
	EndGlobalSection
EndGlobal
